
Microsoft Visual Studio Solution File, Format Version 12.00
# Visual Studio Version 17
VisualStudioVersion = 17.2.32630.192
MinimumVisualStudioVersion = 10.0.40219.1
Project("{FAE04EC0-301F-11D3-BF4B-00C04F79EFBC}") = "BS-csharp-Basic", "BS-csharp-Basic\BS-csharp-Basic.csproj", "{4FF7A14A-C7BD-4620-9637-D943AF09EEBE}"
EndProject
Global
	GlobalSection(SolutionConfigurationPlatforms) = preSolution
		Debug|Any CPU = Debug|Any CPU
		Release|Any CPU = Release|Any CPU
	EndGlobalSection
	GlobalSection(ProjectConfigurationPlatforms) = postSolution
		{4FF7A14A-C7BD-4620-9637-D943AF09EEBE}.Debug|Any CPU.ActiveCfg = Debug|Any CPU
		{4FF7A14A-C7BD-4620-9637-D943AF09EEBE}.Debug|Any CPU.Build.0 = Debug|Any CPU
		{4FF7A14A-C7BD-4620-9637-D943AF09EEBE}.Release|Any CPU.ActiveCfg = Release|Any CPU
		{4FF7A14A-C7BD-4620-9637-D943AF09EEBE}.Release|Any CPU.Build.0 = Release|Any CPU
	EndGlobalSection
	GlobalSection(SolutionProperties) = preSolution
		HideSolutionNode = FALSE
	EndGlobalSection
	GlobalSection(ExtensibilityGlobals) = postSolution
		SolutionGuid = {057855E7-0B8E-4610-9E86-A1C4FDAF41B5}
	EndGlobalSection
EndGlobal
